
Microsoft Visual Studio Solution File, Format Version 12.00
# Visual Studio 2012
Project("{FAE04EC0-301F-11D3-BF4B-00C04F79EFBC}") = "WeatherApp", "WeatherApp\WeatherApp.csproj", "{057DE53C-9AA2-4BFC-8E42-44BE0B6D1391}"
EndProject
Project("{FAE04EC0-301F-11D3-BF4B-00C04F79EFBC}") = "WeatherApp.iOS", "iOS\WeatherApp.iOS.csproj", "{844987B9-89C0-4270-B30D-5A9500A71D6A}"
EndProject
Project("{FAE04EC0-301F-11D3-BF4B-00C04F79EFBC}") = "WeatherApp.Droid", "Droid\WeatherApp.Droid.csproj", "{9BC5C64D-6B9B-4974-ACA4-9537409EF173}"
EndProject
Global
	GlobalSection(SolutionConfigurationPlatforms) = preSolution
		Debug|Any CPU = Debug|Any CPU
		Release|Any CPU = Release|Any CPU
		Debug|iPhoneSimulator = Debug|iPhoneSimulator
		Release|iPhone = Release|iPhone
		Release|iPhoneSimulator = Release|iPhoneSimulator
		Debug|iPhone = Debug|iPhone
	EndGlobalSection
	GlobalSection(ProjectConfigurationPlatforms) = postSolution
		{057DE53C-9AA2-4BFC-8E42-44BE0B6D1391}.Debug|Any CPU.ActiveCfg = Debug|Any CPU
		{057DE53C-9AA2-4BFC-8E42-44BE0B6D1391}.Debug|Any CPU.Build.0 = Debug|Any CPU
		{057DE53C-9AA2-4BFC-8E42-44BE0B6D1391}.Release|Any CPU.ActiveCfg = Release|Any CPU
		{057DE53C-9AA2-4BFC-8E42-44BE0B6D1391}.Release|Any CPU.Build.0 = Release|Any CPU
		{057DE53C-9AA2-4BFC-8E42-44BE0B6D1391}.Debug|iPhoneSimulator.ActiveCfg = Debug|Any CPU
		{057DE53C-9AA2-4BFC-8E42-44BE0B6D1391}.Debug|iPhoneSimulator.Build.0 = Debug|Any CPU
		{057DE53C-9AA2-4BFC-8E42-44BE0B6D1391}.Release|iPhone.ActiveCfg = Release|Any CPU
		{057DE53C-9AA2-4BFC-8E42-44BE0B6D1391}.Release|iPhone.Build.0 = Release|Any CPU
		{057DE53C-9AA2-4BFC-8E42-44BE0B6D1391}.Release|iPhoneSimulator.ActiveCfg = Release|Any CPU
		{057DE53C-9AA2-4BFC-8E42-44BE0B6D1391}.Release|iPhoneSimulator.Build.0 = Release|Any CPU
		{057DE53C-9AA2-4BFC-8E42-44BE0B6D1391}.Debug|iPhone.ActiveCfg = Debug|Any CPU
		{057DE53C-9AA2-4BFC-8E42-44BE0B6D1391}.Debug|iPhone.Build.0 = Debug|Any CPU
		{844987B9-89C0-4270-B30D-5A9500A71D6A}.Debug|Any CPU.ActiveCfg = Debug|iPhoneSimulator
		{844987B9-89C0-4270-B30D-5A9500A71D6A}.Debug|Any CPU.Build.0 = Debug|iPhoneSimulator
		{844987B9-89C0-4270-B30D-5A9500A71D6A}.Release|Any CPU.ActiveCfg = Release|iPhone
		{844987B9-89C0-4270-B30D-5A9500A71D6A}.Release|Any CPU.Build.0 = Release|iPhone
		{844987B9-89C0-4270-B30D-5A9500A71D6A}.Debug|iPhoneSimulator.ActiveCfg = Debug|iPhoneSimulator
		{844987B9-89C0-4270-B30D-5A9500A71D6A}.Debug|iPhoneSimulator.Build.0 = Debug|iPhoneSimulator
		{844987B9-89C0-4270-B30D-5A9500A71D6A}.Release|iPhone.ActiveCfg = Release|iPhone
		{844987B9-89C0-4270-B30D-5A9500A71D6A}.Release|iPhone.Build.0 = Release|iPhone
		{844987B9-89C0-4270-B30D-5A9500A71D6A}.Release|iPhoneSimulator.ActiveCfg = Release|iPhoneSimulator
		{844987B9-89C0-4270-B30D-5A9500A71D6A}.Release|iPhoneSimulator.Build.0 = Release|iPhoneSimulator
		{844987B9-89C0-4270-B30D-5A9500A71D6A}.Debug|iPhone.ActiveCfg = Debug|iPhone
		{844987B9-89C0-4270-B30D-5A9500A71D6A}.Debug|iPhone.Build.0 = Debug|iPhone
		{9BC5C64D-6B9B-4974-ACA4-9537409EF173}.Debug|Any CPU.ActiveCfg = Debug|Any CPU
		{9BC5C64D-6B9B-4974-ACA4-9537409EF173}.Debug|Any CPU.Build.0 = Debug|Any CPU
		{9BC5C64D-6B9B-4974-ACA4-9537409EF173}.Release|Any CPU.ActiveCfg = Release|Any CPU
		{9BC5C64D-6B9B-4974-ACA4-9537409EF173}.Release|Any CPU.Build.0 = Release|Any CPU
		{9BC5C64D-6B9B-4974-ACA4-9537409EF173}.Debug|iPhoneSimulator.ActiveCfg = Debug|Any CPU
		{9BC5C64D-6B9B-4974-ACA4-9537409EF173}.Debug|iPhoneSimulator.Build.0 = Debug|Any CPU
		{9BC5C64D-6B9B-4974-ACA4-9537409EF173}.Release|iPhone.ActiveCfg = Release|Any CPU
		{9BC5C64D-6B9B-4974-ACA4-9537409EF173}.Release|iPhone.Build.0 = Release|Any CPU
		{9BC5C64D-6B9B-4974-ACA4-9537409EF173}.Release|iPhoneSimulator.ActiveCfg = Release|Any CPU
		{9BC5C64D-6B9B-4974-ACA4-9537409EF173}.Release|iPhoneSimulator.Build.0 = Release|Any CPU
		{9BC5C64D-6B9B-4974-ACA4-9537409EF173}.Debug|iPhone.ActiveCfg = Debug|Any CPU
		{9BC5C64D-6B9B-4974-ACA4-9537409EF173}.Debug|iPhone.Build.0 = Debug|Any CPU
	EndGlobalSection
	GlobalSection(MonoDevelopProperties) = preSolution
		Policies = $0
		$0.DotNetNamingPolicy = $1
		$1.DirectoryNamespaceAssociation = PrefixedHierarchical
		$1.ResourceNamePolicy = FileFormatDefault
		$0.StandardHeader = $2
		$2.Text = 
		$2.IncludeInNewFiles = True
		$0.NameConventionPolicy = $3
		$3.Rules = $4
		$4.NamingRule = $5
		$5.Name = Type Parameters
		$5.AffectedEntity = TypeParameter
		$5.VisibilityMask = VisibilityMask
		$5.NamingStyle = PascalCase
		$5.IncludeInstanceMembers = True
		$5.IncludeStaticEntities = True
		$5.RequiredPrefixes = $6
		$6.String = T
		$5.RequiredSuffixes = $7
		$7.String = Exception
		$0.VersionControlPolicy = $8
		$8.inheritsSet = Mono
	EndGlobalSection
EndGlobal
